# This file is automatically @generated by Cargo.
# It is not intended for manual editing.
version = 3

[[package]]
name = "rust-musl-builder-gh-actions-private"
version = "0.1.0"
dependencies = [
 "rust-musl-builder-gh-actions-private-lib",
]

[[package]]
name = "rust-musl-builder-gh-actions-private-lib"
version = "0.1.0"
source = "git+ssh://git@github.com/Kumassy/rust-musl-builder-gh-actions-private-lib?branch=main#c90a327d822d86dacb6a633b235b77cba0713b93"
